
Microsoft Visual Studio Solution File, Format Version 12.00
# Visual Studio 15
VisualStudioVersion = 15.0.28307.271
MinimumVisualStudioVersion = 10.0.40219.1
Project("{9A19103F-16F7-4668-BE54-9A1E7A4F7556}") = "Service", "Service\Service.csproj", "{887C782B-3881-45F3-AC9D-62F09F21B891}"
EndProject
Project("{9A19103F-16F7-4668-BE54-9A1E7A4F7556}") = "Persistence", "Persistence\Persistence.csproj", "{FEA27C09-4BFF-47DB-B0FC-5522B819991B}"
EndProject
Project("{9A19103F-16F7-4668-BE54-9A1E7A4F7556}") = "Model", "Model\Model.csproj", "{29ED0FF7-C4D6-4F36-8220-C417408B26D8}"
EndProject
Project("{FAE04EC0-301F-11D3-BF4B-00C04F79EFBC}") = "api", "api\api.csproj", "{FABBE267-605F-4754-B665-2275D093D2A9}"
EndProject
Global
	GlobalSection(SolutionConfigurationPlatforms) = preSolution
		Debug|Any CPU = Debug|Any CPU
		Release|Any CPU = Release|Any CPU
	EndGlobalSection
	GlobalSection(ProjectConfigurationPlatforms) = postSolution
		{887C782B-3881-45F3-AC9D-62F09F21B891}.Debug|Any CPU.ActiveCfg = Debug|Any CPU
		{887C782B-3881-45F3-AC9D-62F09F21B891}.Debug|Any CPU.Build.0 = Debug|Any CPU
		{887C782B-3881-45F3-AC9D-62F09F21B891}.Release|Any CPU.ActiveCfg = Release|Any CPU
		{887C782B-3881-45F3-AC9D-62F09F21B891}.Release|Any CPU.Build.0 = Release|Any CPU
		{FEA27C09-4BFF-47DB-B0FC-5522B819991B}.Debug|Any CPU.ActiveCfg = Debug|Any CPU
		{FEA27C09-4BFF-47DB-B0FC-5522B819991B}.Debug|Any CPU.Build.0 = Debug|Any CPU
		{FEA27C09-4BFF-47DB-B0FC-5522B819991B}.Release|Any CPU.ActiveCfg = Release|Any CPU
		{FEA27C09-4BFF-47DB-B0FC-5522B819991B}.Release|Any CPU.Build.0 = Release|Any CPU
		{29ED0FF7-C4D6-4F36-8220-C417408B26D8}.Debug|Any CPU.ActiveCfg = Debug|Any CPU
		{29ED0FF7-C4D6-4F36-8220-C417408B26D8}.Debug|Any CPU.Build.0 = Debug|Any CPU
		{29ED0FF7-C4D6-4F36-8220-C417408B26D8}.Release|Any CPU.ActiveCfg = Release|Any CPU
		{29ED0FF7-C4D6-4F36-8220-C417408B26D8}.Release|Any CPU.Build.0 = Release|Any CPU
		{FABBE267-605F-4754-B665-2275D093D2A9}.Debug|Any CPU.ActiveCfg = Debug|Any CPU
		{FABBE267-605F-4754-B665-2275D093D2A9}.Debug|Any CPU.Build.0 = Debug|Any CPU
		{FABBE267-605F-4754-B665-2275D093D2A9}.Release|Any CPU.ActiveCfg = Release|Any CPU
		{FABBE267-605F-4754-B665-2275D093D2A9}.Release|Any CPU.Build.0 = Release|Any CPU
	EndGlobalSection
	GlobalSection(SolutionProperties) = preSolution
		HideSolutionNode = FALSE
	EndGlobalSection
	GlobalSection(ExtensibilityGlobals) = postSolution
		SolutionGuid = {73CCEA47-4654-4C8D-AE28-33147D93E701}
	EndGlobalSection
EndGlobal
