
Microsoft Visual Studio Solution File, Format Version 12.00
# Visual Studio 15
VisualStudioVersion = 15.0.28307.271
MinimumVisualStudioVersion = 10.0.40219.1
Project("{FAE04EC0-301F-11D3-BF4B-00C04F79EFBC}") = "WebAPI", "WebAPI\WebAPI.csproj", "{DE24FF82-90DE-4C98-86F1-E640FA9F52D7}"
EndProject
Project("{FAE04EC0-301F-11D3-BF4B-00C04F79EFBC}") = "Service", "Service\Service.csproj", "{887C782B-3881-45F3-AC9D-62F09F21B891}"
EndProject
Project("{FAE04EC0-301F-11D3-BF4B-00C04F79EFBC}") = "Persistence", "Persistence\Persistence.csproj", "{FEA27C09-4BFF-47DB-B0FC-5522B819991B}"
EndProject
Project("{FAE04EC0-301F-11D3-BF4B-00C04F79EFBC}") = "Model", "Model\Model.csproj", "{29ED0FF7-C4D6-4F36-8220-C417408B26D8}"
EndProject
Global
	GlobalSection(SolutionConfigurationPlatforms) = preSolution
		Debug|Any CPU = Debug|Any CPU
		Release|Any CPU = Release|Any CPU
	EndGlobalSection
	GlobalSection(ProjectConfigurationPlatforms) = postSolution
		{DE24FF82-90DE-4C98-86F1-E640FA9F52D7}.Debug|Any CPU.ActiveCfg = Debug|Any CPU
		{DE24FF82-90DE-4C98-86F1-E640FA9F52D7}.Debug|Any CPU.Build.0 = Debug|Any CPU
		{DE24FF82-90DE-4C98-86F1-E640FA9F52D7}.Release|Any CPU.ActiveCfg = Release|Any CPU
		{DE24FF82-90DE-4C98-86F1-E640FA9F52D7}.Release|Any CPU.Build.0 = Release|Any CPU
		{887C782B-3881-45F3-AC9D-62F09F21B891}.Debug|Any CPU.ActiveCfg = Debug|Any CPU
		{887C782B-3881-45F3-AC9D-62F09F21B891}.Debug|Any CPU.Build.0 = Debug|Any CPU
		{887C782B-3881-45F3-AC9D-62F09F21B891}.Release|Any CPU.ActiveCfg = Release|Any CPU
		{887C782B-3881-45F3-AC9D-62F09F21B891}.Release|Any CPU.Build.0 = Release|Any CPU
		{FEA27C09-4BFF-47DB-B0FC-5522B819991B}.Debug|Any CPU.ActiveCfg = Debug|Any CPU
		{FEA27C09-4BFF-47DB-B0FC-5522B819991B}.Debug|Any CPU.Build.0 = Debug|Any CPU
		{FEA27C09-4BFF-47DB-B0FC-5522B819991B}.Release|Any CPU.ActiveCfg = Release|Any CPU
		{FEA27C09-4BFF-47DB-B0FC-5522B819991B}.Release|Any CPU.Build.0 = Release|Any CPU
		{29ED0FF7-C4D6-4F36-8220-C417408B26D8}.Debug|Any CPU.ActiveCfg = Debug|Any CPU
		{29ED0FF7-C4D6-4F36-8220-C417408B26D8}.Debug|Any CPU.Build.0 = Debug|Any CPU
		{29ED0FF7-C4D6-4F36-8220-C417408B26D8}.Release|Any CPU.ActiveCfg = Release|Any CPU
		{29ED0FF7-C4D6-4F36-8220-C417408B26D8}.Release|Any CPU.Build.0 = Release|Any CPU
	EndGlobalSection
	GlobalSection(SolutionProperties) = preSolution
		HideSolutionNode = FALSE
	EndGlobalSection
	GlobalSection(ExtensibilityGlobals) = postSolution
		SolutionGuid = {73CCEA47-4654-4C8D-AE28-33147D93E701}
	EndGlobalSection
EndGlobal
